
Microsoft Visual Studio Solution File, Format Version 12.00
# Visual Studio Version 17
VisualStudioVersion = 17.6.33723.286
MinimumVisualStudioVersion = 10.0.40219.1
Project("{FAE04EC0-301F-11D3-BF4B-00C04F79EFBC}") = "piplelinedemo-github", "piplelinedemo-github\piplelinedemo-github.csproj", "{298A9F7B-7917-4B5D-B1FD-7B217E7F31F3}"
EndProject
Global
	GlobalSection(SolutionConfigurationPlatforms) = preSolution
		Debug|Any CPU = Debug|Any CPU
		Release|Any CPU = Release|Any CPU
	EndGlobalSection
	GlobalSection(ProjectConfigurationPlatforms) = postSolution
		{298A9F7B-7917-4B5D-B1FD-7B217E7F31F3}.Debug|Any CPU.ActiveCfg = Debug|Any CPU
		{298A9F7B-7917-4B5D-B1FD-7B217E7F31F3}.Debug|Any CPU.Build.0 = Debug|Any CPU
		{298A9F7B-7917-4B5D-B1FD-7B217E7F31F3}.Release|Any CPU.ActiveCfg = Release|Any CPU
		{298A9F7B-7917-4B5D-B1FD-7B217E7F31F3}.Release|Any CPU.Build.0 = Release|Any CPU
	EndGlobalSection
	GlobalSection(SolutionProperties) = preSolution
		HideSolutionNode = FALSE
	EndGlobalSection
	GlobalSection(ExtensibilityGlobals) = postSolution
		SolutionGuid = {12DF02BA-F114-463C-8F6F-2C9928272EB9}
	EndGlobalSection
EndGlobal
